
Microsoft Visual Studio Solution File, Format Version 12.00
# Visual Studio Version 17
VisualStudioVersion = 17.11.35312.102
MinimumVisualStudioVersion = 10.0.40219.1
Project("{9A19103F-16F7-4668-BE54-9A1E7A4F7556}") = "FishermanNPC", "FishermanNPC.csproj", "{297D4CB7-28C7-4E44-855A-0F67CCBBA873}"
EndProject
Global
	GlobalSection(SolutionConfigurationPlatforms) = preSolution
		Debug|Any CPU = Debug|Any CPU
		Release|Any CPU = Release|Any CPU
	EndGlobalSection
	GlobalSection(ProjectConfigurationPlatforms) = postSolution
		{297D4CB7-28C7-4E44-855A-0F67CCBBA873}.Debug|Any CPU.ActiveCfg = Debug|Any CPU
		{297D4CB7-28C7-4E44-855A-0F67CCBBA873}.Debug|Any CPU.Build.0 = Debug|Any CPU
		{297D4CB7-28C7-4E44-855A-0F67CCBBA873}.Release|Any CPU.ActiveCfg = Release|Any CPU
		{297D4CB7-28C7-4E44-855A-0F67CCBBA873}.Release|Any CPU.Build.0 = Release|Any CPU
	EndGlobalSection
	GlobalSection(SolutionProperties) = preSolution
		HideSolutionNode = FALSE
	EndGlobalSection
	GlobalSection(ExtensibilityGlobals) = postSolution
		SolutionGuid = {C20A2D12-E760-4000-81AE-311FA62DDC22}
	EndGlobalSection
EndGlobal
